dependencies:
- name: alloy
  repository: https://grafana.github.io/helm-charts
  version: 0.2.0
- name: postgresql
  repository: https://charts.bitnami.com/bitnami
  version: 12.1.0
digest: sha256:fd0acfea673880309b537d8af7f85e53fb584bf8558c7a138b08ecf07a2c3609
generated: "2026-02-19T10:20:44.156686+02:00"
